
Microsoft Visual Studio Solution File, Format Version 12.00
# Visual Studio Version 16
VisualStudioVersion = 16.0.28803.352
MinimumVisualStudioVersion = 10.0.40219.1
Project("{FAE04EC0-301F-11D3-BF4B-00C04F79EFBC}") = "PingFloatingWidget", "PingFloatingWidget\PingFloatingWidget.csproj", "{77159D07-2066-41F4-95B0-607312CD6E4A}"
EndProject
Global
	GlobalSection(SolutionConfigurationPlatforms) = preSolution
		Debug|Any CPU = Debug|Any CPU
		Release|Any CPU = Release|Any CPU
	EndGlobalSection
	GlobalSection(ProjectConfigurationPlatforms) = postSolution
		{77159D07-2066-41F4-95B0-607312CD6E4A}.Debug|Any CPU.ActiveCfg = Debug|Any CPU
		{77159D07-2066-41F4-95B0-607312CD6E4A}.Debug|Any CPU.Build.0 = Debug|Any CPU
		{77159D07-2066-41F4-95B0-607312CD6E4A}.Release|Any CPU.ActiveCfg = Release|Any CPU
		{77159D07-2066-41F4-95B0-607312CD6E4A}.Release|Any CPU.Build.0 = Release|Any CPU
	EndGlobalSection
	GlobalSection(SolutionProperties) = preSolution
		HideSolutionNode = FALSE
	EndGlobalSection
	GlobalSection(ExtensibilityGlobals) = postSolution
		SolutionGuid = {F7C9540B-CAA6-4BFC-BDE4-EF1A8FE76086}
	EndGlobalSection
EndGlobal
